
Microsoft Visual Studio Solution File, Format Version 12.00
Project("{FAE04EC0-301F-11D3-BF4B-00C04F79EFBC}") = "LR1WinForms", "LR1WinForms\LR1WinForms.csproj", "{A68B3FBC-7063-4DC3-A59A-42A4D0243311}"
EndProject
Project("{FAE04EC0-301F-11D3-BF4B-00C04F79EFBC}") = "LR2", "LR2\LR2.csproj", "{303B39E4-3C32-45C1-A6E3-A72E38D32D6E}"
EndProject
Project("{FAE04EC0-301F-11D3-BF4B-00C04F79EFBC}") = "LR3", "LR3\LR3.csproj", "{0D94B249-D542-4A0D-ADCA-4E42BFD8312B}"
EndProject
Project("{FAE04EC0-301F-11D3-BF4B-00C04F79EFBC}") = "LR4", "LR4\LR4.csproj", "{6D915FFB-03B3-4C77-A348-D22A9792576C}"
EndProject
Project("{FAE04EC0-301F-11D3-BF4B-00C04F79EFBC}") = "LR5", "LR5\LR5.csproj", "{A37779F9-D6FF-4141-8174-E8C3FAE48576}"
EndProject
Project("{FAE04EC0-301F-11D3-BF4B-00C04F79EFBC}") = "LR6", "LR6\LR6.csproj", "{9673088B-6015-4F68-902E-99285B097D3F}"
EndProject
Project("{FAE04EC0-301F-11D3-BF4B-00C04F79EFBC}") = "LR7", "LR7\LR7.csproj", "{5FBADA76-A8CB-4726-9755-61BAB5CCF9F7}"
EndProject
Project("{FAE04EC0-301F-11D3-BF4B-00C04F79EFBC}") = "LR10", "LR10\LR10.csproj", "{50211C0A-F5AD-41FB-A88B-1FF4BC42F5B2}"
EndProject
Project("{FAE04EC0-301F-11D3-BF4B-00C04F79EFBC}") = "LR11", "LR11\LR11.csproj", "{8DE5421A-865A-40FA-8E65-E1B2F4960430}"
EndProject
Project("{FAE04EC0-301F-11D3-BF4B-00C04F79EFBC}") = "LR12", "LR12\LR12.csproj", "{D7F39DCB-E210-4732-B380-DCC61E15EA69}"
EndProject
Project("{FAE04EC0-301F-11D3-BF4B-00C04F79EFBC}") = "LR8", "LR8\LR8.csproj", "{97A2BC9F-62CF-4F29-9DCA-452B9A383AD8}"
EndProject
Project("{FAE04EC0-301F-11D3-BF4B-00C04F79EFBC}") = "LR9", "LR9\LR9.csproj", "{0745AE1A-8C85-4B94-9CBF-5838957484EC}"
EndProject
Global
	GlobalSection(SolutionConfigurationPlatforms) = preSolution
		Debug|Any CPU = Debug|Any CPU
		Release|Any CPU = Release|Any CPU
	EndGlobalSection
	GlobalSection(ProjectConfigurationPlatforms) = postSolution
		{A68B3FBC-7063-4DC3-A59A-42A4D0243311}.Debug|Any CPU.ActiveCfg = Debug|Any CPU
		{A68B3FBC-7063-4DC3-A59A-42A4D0243311}.Debug|Any CPU.Build.0 = Debug|Any CPU
		{A68B3FBC-7063-4DC3-A59A-42A4D0243311}.Release|Any CPU.ActiveCfg = Release|Any CPU
		{A68B3FBC-7063-4DC3-A59A-42A4D0243311}.Release|Any CPU.Build.0 = Release|Any CPU
		{303B39E4-3C32-45C1-A6E3-A72E38D32D6E}.Debug|Any CPU.ActiveCfg = Debug|Any CPU
		{303B39E4-3C32-45C1-A6E3-A72E38D32D6E}.Debug|Any CPU.Build.0 = Debug|Any CPU
		{303B39E4-3C32-45C1-A6E3-A72E38D32D6E}.Release|Any CPU.ActiveCfg = Release|Any CPU
		{303B39E4-3C32-45C1-A6E3-A72E38D32D6E}.Release|Any CPU.Build.0 = Release|Any CPU
		{0D94B249-D542-4A0D-ADCA-4E42BFD8312B}.Debug|Any CPU.ActiveCfg = Debug|Any CPU
		{0D94B249-D542-4A0D-ADCA-4E42BFD8312B}.Debug|Any CPU.Build.0 = Debug|Any CPU
		{0D94B249-D542-4A0D-ADCA-4E42BFD8312B}.Release|Any CPU.ActiveCfg = Release|Any CPU
		{0D94B249-D542-4A0D-ADCA-4E42BFD8312B}.Release|Any CPU.Build.0 = Release|Any CPU
		{6D915FFB-03B3-4C77-A348-D22A9792576C}.Debug|Any CPU.ActiveCfg = Debug|Any CPU
		{6D915FFB-03B3-4C77-A348-D22A9792576C}.Debug|Any CPU.Build.0 = Debug|Any CPU
		{6D915FFB-03B3-4C77-A348-D22A9792576C}.Release|Any CPU.ActiveCfg = Release|Any CPU
		{6D915FFB-03B3-4C77-A348-D22A9792576C}.Release|Any CPU.Build.0 = Release|Any CPU
		{A37779F9-D6FF-4141-8174-E8C3FAE48576}.Debug|Any CPU.ActiveCfg = Debug|Any CPU
		{A37779F9-D6FF-4141-8174-E8C3FAE48576}.Debug|Any CPU.Build.0 = Debug|Any CPU
		{A37779F9-D6FF-4141-8174-E8C3FAE48576}.Release|Any CPU.ActiveCfg = Release|Any CPU
		{A37779F9-D6FF-4141-8174-E8C3FAE48576}.Release|Any CPU.Build.0 = Release|Any CPU
		{9673088B-6015-4F68-902E-99285B097D3F}.Debug|Any CPU.ActiveCfg = Debug|Any CPU
		{9673088B-6015-4F68-902E-99285B097D3F}.Debug|Any CPU.Build.0 = Debug|Any CPU
		{9673088B-6015-4F68-902E-99285B097D3F}.Release|Any CPU.ActiveCfg = Release|Any CPU
		{9673088B-6015-4F68-902E-99285B097D3F}.Release|Any CPU.Build.0 = Release|Any CPU
		{5FBADA76-A8CB-4726-9755-61BAB5CCF9F7}.Debug|Any CPU.ActiveCfg = Debug|Any CPU
		{5FBADA76-A8CB-4726-9755-61BAB5CCF9F7}.Debug|Any CPU.Build.0 = Debug|Any CPU
		{5FBADA76-A8CB-4726-9755-61BAB5CCF9F7}.Release|Any CPU.ActiveCfg = Release|Any CPU
		{5FBADA76-A8CB-4726-9755-61BAB5CCF9F7}.Release|Any CPU.Build.0 = Release|Any CPU
		{50211C0A-F5AD-41FB-A88B-1FF4BC42F5B2}.Debug|Any CPU.ActiveCfg = Debug|Any CPU
		{50211C0A-F5AD-41FB-A88B-1FF4BC42F5B2}.Debug|Any CPU.Build.0 = Debug|Any CPU
		{50211C0A-F5AD-41FB-A88B-1FF4BC42F5B2}.Release|Any CPU.ActiveCfg = Release|Any CPU
		{50211C0A-F5AD-41FB-A88B-1FF4BC42F5B2}.Release|Any CPU.Build.0 = Release|Any CPU
		{8DE5421A-865A-40FA-8E65-E1B2F4960430}.Debug|Any CPU.ActiveCfg = Debug|Any CPU
		{8DE5421A-865A-40FA-8E65-E1B2F4960430}.Debug|Any CPU.Build.0 = Debug|Any CPU
		{8DE5421A-865A-40FA-8E65-E1B2F4960430}.Release|Any CPU.ActiveCfg = Release|Any CPU
		{8DE5421A-865A-40FA-8E65-E1B2F4960430}.Release|Any CPU.Build.0 = Release|Any CPU
		{D7F39DCB-E210-4732-B380-DCC61E15EA69}.Debug|Any CPU.ActiveCfg = Debug|Any CPU
		{D7F39DCB-E210-4732-B380-DCC61E15EA69}.Debug|Any CPU.Build.0 = Debug|Any CPU
		{D7F39DCB-E210-4732-B380-DCC61E15EA69}.Release|Any CPU.ActiveCfg = Release|Any CPU
		{D7F39DCB-E210-4732-B380-DCC61E15EA69}.Release|Any CPU.Build.0 = Release|Any CPU
		{97A2BC9F-62CF-4F29-9DCA-452B9A383AD8}.Debug|Any CPU.ActiveCfg = Debug|Any CPU
		{97A2BC9F-62CF-4F29-9DCA-452B9A383AD8}.Debug|Any CPU.Build.0 = Debug|Any CPU
		{97A2BC9F-62CF-4F29-9DCA-452B9A383AD8}.Release|Any CPU.ActiveCfg = Release|Any CPU
		{97A2BC9F-62CF-4F29-9DCA-452B9A383AD8}.Release|Any CPU.Build.0 = Release|Any CPU
		{0745AE1A-8C85-4B94-9CBF-5838957484EC}.Debug|Any CPU.ActiveCfg = Debug|Any CPU
		{0745AE1A-8C85-4B94-9CBF-5838957484EC}.Debug|Any CPU.Build.0 = Debug|Any CPU
		{0745AE1A-8C85-4B94-9CBF-5838957484EC}.Release|Any CPU.ActiveCfg = Release|Any CPU
		{0745AE1A-8C85-4B94-9CBF-5838957484EC}.Release|Any CPU.Build.0 = Release|Any CPU
	EndGlobalSection
EndGlobal
